<?xml version="1.0" encoding="utf-8"?>
<Project ToolsVersion="4.0" xmlns="http://schemas.microsoft.com/developer/msbuild/2003">
  <ItemGroup>
    <Filter Include="Source Files">
      <UniqueIdentifier>{4FC737F1-C7A5-4376-A066-2A32D752A2FF}</UniqueIdentifier>
      <Extensions>cpp;c;cc;cxx;c++;cppm;ixx;def;odl;idl;hpj;bat;asm;asmx</Extensions>
    </Filter>
    <Filter Include="Header Files">
      <UniqueIdentifier>{93995380-89BD-4b04-88EB-625FBE52EBFB}</UniqueIdentifier>
      <Extensions>h;hh;hpp;hxx;h++;hm;inl;inc;ipp;xsd</Extensions>
    </Filter>
    <Filter Include="Resource Files">
      <UniqueIdentifier>{67DA6AB6-F800-4c08-8B7A-83BB121AAD01}</UniqueIdentifier>
      <Extensions>rc;ico;cur;bmp;dlg;rc2;rct;bin;rgs;gif;jpg;jpeg;jpe;resx;tiff;tif;png;wav;mfcribbon-ms</Extensions>
    </Filter>
  </ItemGroup>
  <ItemGroup>
    <ClCompile Include="src\CppUTestExt\CodeMemoryReportFormatter.cpp">
      <Filter>Source Files</Filter>
    </ClCompile>
    <ClCompile Include="src\CppUTest\CommandLineArguments.cpp">
      <Filter>Source Files</Filter>
    </ClCompile>
    <ClCompile Include="src\CppUTest\CommandLineTestRunner.cpp">
      <Filter>Source Files</Filter>
    </ClCompile>
    <ClCompile Include="src\CppUTestExt\IEEE754ExceptionsPlugin.cpp">
      <Filter>Source Files</Filter>
    </ClCompile>
    <ClCompile Include="src\CppUTest\JUnitTestOutput.cpp">
      <Filter>Source Files</Filter>
    </ClCompile>
    <ClCompile Include="src\CppUTest\MemoryLeakDetector.cpp">
      <Filter>Source Files</Filter>
    </ClCompile>
    <ClCompile Include="src\CppUTest\MemoryLeakWarningPlugin.cpp">
      <Filter>Source Files</Filter>
    </ClCompile>
    <ClCompile Include="src\CppUTestExt\MemoryReportAllocator.cpp">
      <Filter>Source Files</Filter>
    </ClCompile>
    <ClCompile Include="src\CppUTestExt\MemoryReporterPlugin.cpp">
      <Filter>Source Files</Filter>
    </ClCompile>
    <ClCompile Include="src\CppUTestExt\MemoryReportFormatter.cpp">
      <Filter>Source Files</Filter>
    </ClCompile>
    <ClCompile Include="src\CppUTestExt\MockActualCall.cpp">
      <Filter>Source Files</Filter>
    </ClCompile>
    <ClCompile Include="src\CppUTestExt\MockExpectedCall.cpp">
      <Filter>Source Files</Filter>
    </ClCompile>
    <ClCompile Include="src\CppUTestExt\MockExpectedCallsList.cpp">
      <Filter>Source Files</Filter>
    </ClCompile>
    <ClCompile Include="src\CppUTestExt\MockFailure.cpp">
      <Filter>Source Files</Filter>
    </ClCompile>
    <ClCompile Include="src\CppUTestExt\MockNamedValue.cpp">
      <Filter>Source Files</Filter>
    </ClCompile>
    <ClCompile Include="src\CppUTestExt\MockSupport.cpp">
      <Filter>Source Files</Filter>
    </ClCompile>
    <ClCompile Include="src\CppUTestExt\MockSupport_c.cpp">
      <Filter>Source Files</Filter>
    </ClCompile>
    <ClCompile Include="src\CppUTestExt\MockSupportPlugin.cpp">
      <Filter>Source Files</Filter>
    </ClCompile>
    <ClCompile Include="src\CppUTestExt\OrderedTest.cpp">
      <Filter>Source Files</Filter>
    </ClCompile>
    <ClCompile Include="src\CppUTest\SimpleMutex.cpp">
      <Filter>Source Files</Filter>
    </ClCompile>
    <ClCompile Include="src\CppUTest\SimpleString.cpp">
      <Filter>Source Files</Filter>
    </ClCompile>
    <ClCompile Include="src\CppUTest\TeamCityTestOutput.cpp">
      <Filter>Source Files</Filter>
    </ClCompile>
    <ClCompile Include="src\CppUTest\TestFailure.cpp">
      <Filter>Source Files</Filter>
    </ClCompile>
    <ClCompile Include="src\CppUTest\TestFilter.cpp">
      <Filter>Source Files</Filter>
    </ClCompile>
    <ClCompile Include="src\CppUTest\TestHarness_c.cpp">
      <Filter>Source Files</Filter>
    </ClCompile>
    <ClCompile Include="src\CppUTest\TestMemoryAllocator.cpp">
      <Filter>Source Files</Filter>
    </ClCompile>
    <ClCompile Include="src\CppUTest\TestOutput.cpp">
      <Filter>Source Files</Filter>
    </ClCompile>
    <ClCompile Include="src\CppUTest\TestPlugin.cpp">
      <Filter>Source Files</Filter>
    </ClCompile>
    <ClCompile Include="src\CppUTest\TestRegistry.cpp">
      <Filter>Source Files</Filter>
    </ClCompile>
    <ClCompile Include="src\CppUTest\TestResult.cpp">
      <Filter>Source Files</Filter>
    </ClCompile>
    <ClCompile Include="src\CppUTest\TestTestingFixture.cpp">
      <Filter>Source Files</Filter>
    </ClCompile>
    <ClCompile Include="src\CppUTest\Utest.cpp">
      <Filter>Source Files</Filter>
    </ClCompile>
    <ClCompile Include="src\Platforms\VisualCpp\UtestPlatform.cpp">
      <Filter>Source Files</Filter>
    </ClCompile>
  </ItemGroup>
  <ItemGroup>
    <ClInclude Include="include\CppUTestExt\CodeMemoryReportFormatter.h">
      <Filter>Header Files</Filter>
    </ClInclude>
    <ClInclude Include="include\CppUTest\CommandLineArguments.h">
      <Filter>Header Files</Filter>
    </ClInclude>
    <ClInclude Include="include\CppUTest\CommandLineTestRunner.h">
      <Filter>Header Files</Filter>
    </ClInclude>
    <ClInclude Include="include\cpputest\cpputestconfig.h">
      <Filter>Header Files</Filter>
    </ClInclude>
    <ClInclude Include="include\CppUTest\CppUTestGeneratedConfig.h">
      <Filter>Header Files</Filter>
    </ClInclude>
    <ClInclude Include="include\CppUTestExt\GMock.h">
      <Filter>Header Files</Filter>
    </ClInclude>
    <ClInclude Include="include\CppUTestExt\GTest.h">
      <Filter>Header Files</Filter>
    </ClInclude>
    <ClInclude Include="include\CppUTestExt\GTestConvertor.h">
      <Filter>Header Files</Filter>
    </ClInclude>
    <ClInclude Include="include\cpputestext\ieee754exceptionsplugin.h">
      <Filter>Header Files</Filter>
    </ClInclude>
    <ClInclude Include="include\CppUTest\JUnitTestOutput.h">
      <Filter>Header Files</Filter>
    </ClInclude>
    <ClInclude Include="include\CppUTest\MemoryLeakDetector.h">
      <Filter>Header Files</Filter>
    </ClInclude>
    <ClInclude Include="include\CppUTest\MemoryLeakDetectorMallocMacros.h">
      <Filter>Header Files</Filter>
    </ClInclude>
    <ClInclude Include="include\CppUTest\MemoryLeakDetectorNewMacros.h">
      <Filter>Header Files</Filter>
    </ClInclude>
    <ClInclude Include="include\CppUTest\MemoryLeakWarningPlugin.h">
      <Filter>Header Files</Filter>
    </ClInclude>
    <ClInclude Include="include\CppUTestExt\MemoryReportAllocator.h">
      <Filter>Header Files</Filter>
    </ClInclude>
    <ClInclude Include="include\CppUTestExt\MemoryReporterPlugin.h">
      <Filter>Header Files</Filter>
    </ClInclude>
    <ClInclude Include="include\CppUTestExt\MemoryReportFormatter.h">
      <Filter>Header Files</Filter>
    </ClInclude>
    <ClInclude Include="include\CppUTestExt\MockActualCall.h">
      <Filter>Header Files</Filter>
    </ClInclude>
    <ClInclude Include="include\CppUTestExt\MockCheckedActualCall.h">
      <Filter>Header Files</Filter>
    </ClInclude>
    <ClInclude Include="include\CppUTestExt\MockCheckedExpectedCall.h">
      <Filter>Header Files</Filter>
    </ClInclude>
    <ClInclude Include="include\CppUTestExt\MockExpectedCall.h">
      <Filter>Header Files</Filter>
    </ClInclude>
    <ClInclude Include="include\CppUTestExt\MockExpectedCallsList.h">
      <Filter>Header Files</Filter>
    </ClInclude>
    <ClInclude Include="include\CppUTestExt\MockFailure.h">
      <Filter>Header Files</Filter>
    </ClInclude>
    <ClInclude Include="include\CppUTestExt\MockNamedValue.h">
      <Filter>Header Files</Filter>
    </ClInclude>
    <ClInclude Include="include\CppUTestExt\MockSupport.h">
      <Filter>Header Files</Filter>
    </ClInclude>
    <ClInclude Include="include\CppUTestExt\MockSupport_c.h">
      <Filter>Header Files</Filter>
    </ClInclude>
    <ClInclude Include="include\CppUTestExt\MockSupportPlugin.h">
      <Filter>Header Files</Filter>
    </ClInclude>
    <ClInclude Include="include\CppUTestExt\OrderedTest.h">
      <Filter>Header Files</Filter>
    </ClInclude>
    <ClInclude Include="include\CppUTest\PlatformSpecificFunctions.h">
      <Filter>Header Files</Filter>
    </ClInclude>
    <ClInclude Include="include\cpputest\platformspecificfunctions_c.h">
      <Filter>Header Files</Filter>
    </ClInclude>
    <ClInclude Include="include\CppUTest\SimpleMutex.h">
      <Filter>Header Files</Filter>
    </ClInclude>
    <ClInclude Include="include\CppUTest\SimpleString.h">
      <Filter>Header Files</Filter>
    </ClInclude>
    <ClInclude Include="include\CppUTest\StandardCLibrary.h">
      <Filter>Header Files</Filter>
    </ClInclude>
    <ClInclude Include="include\CppUTest\TeamCityTestOutput.h">
      <Filter>Header Files</Filter>
    </ClInclude>
    <ClInclude Include="include\CppUTest\TestFailure.h">
      <Filter>Header Files</Filter>
    </ClInclude>
    <ClInclude Include="include\CppUTest\TestFilter.h">
      <Filter>Header Files</Filter>
    </ClInclude>
    <ClInclude Include="include\CppUTest\TestHarness.h">
      <Filter>Header Files</Filter>
    </ClInclude>
    <ClInclude Include="include\CppUTest\TestHarness_c.h">
      <Filter>Header Files</Filter>
    </ClInclude>
    <ClInclude Include="include\CppUTest\TestMemoryAllocator.h">
      <Filter>Header Files</Filter>
    </ClInclude>
    <ClInclude Include="include\CppUTest\TestOutput.h">
      <Filter>Header Files</Filter>
    </ClInclude>
    <ClInclude Include="include\CppUTest\TestPlugin.h">
      <Filter>Header Files</Filter>
    </ClInclude>
    <ClInclude Include="include\CppUTest\TestRegistry.h">
      <Filter>Header Files</Filter>
    </ClInclude>
    <ClInclude Include="include\CppUTest\TestResult.h">
      <Filter>Header Files</Filter>
    </ClInclude>
    <ClInclude Include="include\CppUTest\TestTestingFixture.h">
      <Filter>Header Files</Filter>
    </ClInclude>
    <ClInclude Include="include\CppUTest\Utest.h">
      <Filter>Header Files</Filter>
    </ClInclude>
    <ClInclude Include="include\CppUTest\UtestMacros.h">
      <Filter>Header Files</Filter>
    </ClInclude>
  </ItemGroup>
  <ItemGroup>
    <Filter Include="Resource Files">
      <UniqueIdentifier>{0e8b5b48-4e7f-494e-ba79-7270ce63a362}</UniqueIdentifier>
    </Filter>
  </ItemGroup>
</Project>