
Microsoft Visual Studio Solution File, Format Version 12.00
# Visual Studio Version 17
VisualStudioVersion = 17.3.32929.385
MinimumVisualStudioVersion = 10.0.40219.1
Project("{8BC9CEB8-8B4A-11D0-8D11-00A0C91BC942}") = "OperationalCode", "OperationalCode\OperationalCode.vcxproj", "{2C06EF12-2D1C-49DD-9F06-BEB192534704}"
EndProject
Project("{8BC9CEB8-8B4A-11D0-8D11-00A0C91BC942}") = "CppUTest", "ThirdPartyLib\cpputest\CppUTest.vcxproj", "{F468F539-27BD-468E-BE64-DDE641400B51}"
EndProject
Project("{8BC9CEB8-8B4A-11D0-8D11-00A0C91BC942}") = "RegressionTests", "RegressionTests\RegressionTests.vcxproj", "{A07199B0-E387-4FE6-8DC0-A1A3ED773B5C}"
EndProject
Global
	GlobalSection(SolutionConfigurationPlatforms) = preSolution
		DTBC|x64 = DTBC|x64
		DTBC|x86 = DTBC|x86
		DRFO|x64 = DRFO|x64
		DRFO|x86 = DRFO|x86
		DSFO|x64 = DSFO|x64
		DSFO|x86 = DSFO|x86
		RTBC|x64 = RTBC|x64
		RTBC|x86 = RTBC|x86
		RRFO|x64 = RRFO|x64
		RRFO|x86 = RRFO|x86
		RSFO|x64 = RSFO|x64
		RSFO|x86 = RSFO|x86
	EndGlobalSection
	GlobalSection(ProjectConfigurationPlatforms) = postSolution
		{2C06EF12-2D1C-49DD-9F06-BEB192534704}.DTBC|x64.ActiveCfg = DebugTBC|x64
		{2C06EF12-2D1C-49DD-9F06-BEB192534704}.DTBC|x64.Build.0 = DebugTBC|x64
		{2C06EF12-2D1C-49DD-9F06-BEB192534704}.DTBC|x86.ActiveCfg = DebugTBC|Win32
		{2C06EF12-2D1C-49DD-9F06-BEB192534704}.DTBC|x86.Build.0 = DebugTBC|Win32
		{2C06EF12-2D1C-49DD-9F06-BEB192534704}.DRFO|x64.ActiveCfg = DebugRFO|x64
		{2C06EF12-2D1C-49DD-9F06-BEB192534704}.DRFO|x64.Build.0 = DebugRFO|x64
		{2C06EF12-2D1C-49DD-9F06-BEB192534704}.DRFO|x86.ActiveCfg = DebugRFO|Win32
		{2C06EF12-2D1C-49DD-9F06-BEB192534704}.DRFO|x86.Build.0 = DebugRFO|Win32
		{2C06EF12-2D1C-49DD-9F06-BEB192534704}.DSFO|x64.ActiveCfg = DebugSFO|x64
		{2C06EF12-2D1C-49DD-9F06-BEB192534704}.DSFO|x64.Build.0 = DebugSFO|x64
		{2C06EF12-2D1C-49DD-9F06-BEB192534704}.DSFO|x86.ActiveCfg = DebugSFO|Win32
		{2C06EF12-2D1C-49DD-9F06-BEB192534704}.DSFO|x86.Build.0 = DebugSFO|Win32
		{2C06EF12-2D1C-49DD-9F06-BEB192534704}.RTBC|x64.ActiveCfg = ReleaseTBC|x64
		{2C06EF12-2D1C-49DD-9F06-BEB192534704}.RTBC|x64.Build.0 = ReleaseTBC|x64
		{2C06EF12-2D1C-49DD-9F06-BEB192534704}.RTBC|x86.ActiveCfg = ReleaseTBC|Win32
		{2C06EF12-2D1C-49DD-9F06-BEB192534704}.RTBC|x86.Build.0 = ReleaseTBC|Win32
		{2C06EF12-2D1C-49DD-9F06-BEB192534704}.RRFO|x64.ActiveCfg = ReleaseRFO|x64
		{2C06EF12-2D1C-49DD-9F06-BEB192534704}.RRFO|x64.Build.0 = ReleaseRFO|x64
		{2C06EF12-2D1C-49DD-9F06-BEB192534704}.RRFO|x86.ActiveCfg = ReleaseRFO|Win32
		{2C06EF12-2D1C-49DD-9F06-BEB192534704}.RRFO|x86.Build.0 = ReleaseRFO|Win32
		{2C06EF12-2D1C-49DD-9F06-BEB192534704}.RSFO|x64.ActiveCfg = ReleaseSFO|x64
		{2C06EF12-2D1C-49DD-9F06-BEB192534704}.RSFO|x64.Build.0 = ReleaseSFO|x64
		{2C06EF12-2D1C-49DD-9F06-BEB192534704}.RSFO|x86.ActiveCfg = ReleaseSFO|Win32
		{2C06EF12-2D1C-49DD-9F06-BEB192534704}.RSFO|x86.Build.0 = ReleaseSFO|Win32
		{F468F539-27BD-468E-BE64-DDE641400B51}.DTBC|x64.ActiveCfg = Debug|Win32
		{F468F539-27BD-468E-BE64-DDE641400B51}.DTBC|x64.Build.0 = Debug|Win32
		{F468F539-27BD-468E-BE64-DDE641400B51}.DTBC|x86.ActiveCfg = Debug|Win32
		{F468F539-27BD-468E-BE64-DDE641400B51}.DTBC|x86.Build.0 = Debug|Win32
		{F468F539-27BD-468E-BE64-DDE641400B51}.DRFO|x64.ActiveCfg = Debug|Win32
		{F468F539-27BD-468E-BE64-DDE641400B51}.DRFO|x64.Build.0 = Debug|Win32
		{F468F539-27BD-468E-BE64-DDE641400B51}.DRFO|x86.ActiveCfg = Debug|Win32
		{F468F539-27BD-468E-BE64-DDE641400B51}.DRFO|x86.Build.0 = Debug|Win32
		{F468F539-27BD-468E-BE64-DDE641400B51}.DSFO|x64.ActiveCfg = Debug|Win32
		{F468F539-27BD-468E-BE64-DDE641400B51}.DSFO|x64.Build.0 = Debug|Win32
		{F468F539-27BD-468E-BE64-DDE641400B51}.DSFO|x86.ActiveCfg = Debug|Win32
		{F468F539-27BD-468E-BE64-DDE641400B51}.DSFO|x86.Build.0 = Debug|Win32
		{F468F539-27BD-468E-BE64-DDE641400B51}.RTBC|x64.ActiveCfg = Release|Win32
		{F468F539-27BD-468E-BE64-DDE641400B51}.RTBC|x64.Build.0 = Release|Win32
		{F468F539-27BD-468E-BE64-DDE641400B51}.RTBC|x86.ActiveCfg = Release|Win32
		{F468F539-27BD-468E-BE64-DDE641400B51}.RTBC|x86.Build.0 = Release|Win32
		{F468F539-27BD-468E-BE64-DDE641400B51}.RRFO|x64.ActiveCfg = Release|Win32
		{F468F539-27BD-468E-BE64-DDE641400B51}.RRFO|x64.Build.0 = Release|Win32
		{F468F539-27BD-468E-BE64-DDE641400B51}.RRFO|x86.ActiveCfg = Release|Win32
		{F468F539-27BD-468E-BE64-DDE641400B51}.RRFO|x86.Build.0 = Release|Win32
		{F468F539-27BD-468E-BE64-DDE641400B51}.RSFO|x64.ActiveCfg = Release|Win32
		{F468F539-27BD-468E-BE64-DDE641400B51}.RSFO|x64.Build.0 = Release|Win32
		{F468F539-27BD-468E-BE64-DDE641400B51}.RSFO|x86.ActiveCfg = Release|Win32
		{F468F539-27BD-468E-BE64-DDE641400B51}.RSFO|x86.Build.0 = Release|Win32
		{A07199B0-E387-4FE6-8DC0-A1A3ED773B5C}.DTBC|x64.ActiveCfg = DebugTBC|x64
		{A07199B0-E387-4FE6-8DC0-A1A3ED773B5C}.DTBC|x64.Build.0 = DebugTBC|x64
		{A07199B0-E387-4FE6-8DC0-A1A3ED773B5C}.DTBC|x86.ActiveCfg = DebugTBC|Win32
		{A07199B0-E387-4FE6-8DC0-A1A3ED773B5C}.DTBC|x86.Build.0 = DebugTBC|Win32
		{A07199B0-E387-4FE6-8DC0-A1A3ED773B5C}.DRFO|x64.ActiveCfg = DebugRFO|x64
		{A07199B0-E387-4FE6-8DC0-A1A3ED773B5C}.DRFO|x64.Build.0 = DebugRFO|x64
		{A07199B0-E387-4FE6-8DC0-A1A3ED773B5C}.DRFO|x86.ActiveCfg = DebugRFO|Win32
		{A07199B0-E387-4FE6-8DC0-A1A3ED773B5C}.DRFO|x86.Build.0 = DebugRFO|Win32
		{A07199B0-E387-4FE6-8DC0-A1A3ED773B5C}.DSFO|x64.ActiveCfg = DebugSFO|x64
		{A07199B0-E387-4FE6-8DC0-A1A3ED773B5C}.DSFO|x64.Build.0 = DebugSFO|x64
		{A07199B0-E387-4FE6-8DC0-A1A3ED773B5C}.DSFO|x86.ActiveCfg = DebugSFO|Win32
		{A07199B0-E387-4FE6-8DC0-A1A3ED773B5C}.DSFO|x86.Build.0 = DebugSFO|Win32
		{A07199B0-E387-4FE6-8DC0-A1A3ED773B5C}.RTBC|x64.ActiveCfg = ReleaseTBC|x64
		{A07199B0-E387-4FE6-8DC0-A1A3ED773B5C}.RTBC|x64.Build.0 = ReleaseTBC|x64
		{A07199B0-E387-4FE6-8DC0-A1A3ED773B5C}.RTBC|x86.ActiveCfg = ReleaseTBC|Win32
		{A07199B0-E387-4FE6-8DC0-A1A3ED773B5C}.RTBC|x86.Build.0 = ReleaseTBC|Win32
		{A07199B0-E387-4FE6-8DC0-A1A3ED773B5C}.RRFO|x64.ActiveCfg = ReleaseRFO|x64
		{A07199B0-E387-4FE6-8DC0-A1A3ED773B5C}.RRFO|x64.Build.0 = ReleaseRFO|x64
		{A07199B0-E387-4FE6-8DC0-A1A3ED773B5C}.RRFO|x86.ActiveCfg = ReleaseRFO|Win32
		{A07199B0-E387-4FE6-8DC0-A1A3ED773B5C}.RRFO|x86.Build.0 = ReleaseRFO|Win32
		{A07199B0-E387-4FE6-8DC0-A1A3ED773B5C}.RSFO|x64.ActiveCfg = ReleaseSFO|x64
		{A07199B0-E387-4FE6-8DC0-A1A3ED773B5C}.RSFO|x64.Build.0 = ReleaseSFO|x64
		{A07199B0-E387-4FE6-8DC0-A1A3ED773B5C}.RSFO|x86.ActiveCfg = ReleaseSFO|Win32
		{A07199B0-E387-4FE6-8DC0-A1A3ED773B5C}.RSFO|x86.Build.0 = ReleaseSFO|Win32
	EndGlobalSection
	GlobalSection(SolutionProperties) = preSolution
		HideSolutionNode = FALSE
	EndGlobalSection
	GlobalSection(ExtensibilityGlobals) = postSolution
		SolutionGuid = {C0FE1B1A-D62A-4AF6-87BB-B7B8227D4129}
	EndGlobalSection
EndGlobal
